
Microsoft Visual Studio Solution File, Format Version 12.00
# Visual Studio Version 17
VisualStudioVersion = 17.2.32616.157
MinimumVisualStudioVersion = 10.0.40219.1
Project("{FAE04EC0-301F-11D3-BF4B-00C04F79EFBC}") = "Assignment4", "Assignment4\Assignment4.csproj", "{8A17ED71-8273-4890-9F62-F1F1E1AD5BC3}"
EndProject
Global
	GlobalSection(SolutionConfigurationPlatforms) = preSolution
		Debug|Any CPU = Debug|Any CPU
		Release|Any CPU = Release|Any CPU
	EndGlobalSection
	GlobalSection(ProjectConfigurationPlatforms) = postSolution
		{8A17ED71-8273-4890-9F62-F1F1E1AD5BC3}.Debug|Any CPU.ActiveCfg = Debug|Any CPU
		{8A17ED71-8273-4890-9F62-F1F1E1AD5BC3}.Debug|Any CPU.Build.0 = Debug|Any CPU
		{8A17ED71-8273-4890-9F62-F1F1E1AD5BC3}.Release|Any CPU.ActiveCfg = Release|Any CPU
		{8A17ED71-8273-4890-9F62-F1F1E1AD5BC3}.Release|Any CPU.Build.0 = Release|Any CPU
	EndGlobalSection
	GlobalSection(SolutionProperties) = preSolution
		HideSolutionNode = FALSE
	EndGlobalSection
	GlobalSection(ExtensibilityGlobals) = postSolution
		SolutionGuid = {56E1C941-3C2B-47E2-8B2D-9E00331DCC8E}
	EndGlobalSection
EndGlobal
